github.com/coreos/go-semver v0.3.0 h1:wkHLiw0WNATZnSG7epLsujiMCgPAc9xhjJ4tgnAxmfM=
github.com/coreos/go-semver v0.3.0/go.mod h1:nnelYz7RCh+5ahJtPPxZlU+153eP4D4r3EedlOD2RNk=
github.com/davecgh/go-spew v1.1.0/go.mod h1:J7Y8YcW2NihsgmVo/mv3lAwl/skON4iLHjSsI+c5H38=
github.com/davecgh/go-spew v1.1.1 h1:vj9j/u1bqnvCEfJOwUhtlOARqs3+rkHYY13jYWTU97c=
github.com/davecgh/go-spew v1.1.1/go.mod h1:J7Y8YcW2NihsgmVo/mv3lAwl/skON4iLHjSsI+c5H38=
github.com/google/go-cmp v0.6.0 h1:ofyhxvXcZhMsU5ulbFiLKl/XBFqE1GSq7atu8tAmTRI=
github.com/google/go-cmp v0.6.0/go.mod h1:17dUlkBOakJ0+DkrSSNjCkIjxS6bF9zb3elmeNGIjoY=
github.com/google/gofuzz v1.0.0/go.mod h1:dBl0BpW6vV/+mYPU4Po3pmUjxk6FQPldtuIdl/M65Eg=
github.com/json-iterator/go v1.1.11 h1:uVUAXhF2To8cbw/3xN3pxj6kk7TYKs98NIrTqPlMWAQ=
github.com/json-iterator/go v1.1.11/go.mod h1:KdQUCv79m/52Kvf8AW2vK1V8akMuk1QjK/uOdHXbAo4=
github.com/luisfurquim/etcdconfig v0.0.0-20230317185517-e9bac889c1ee h1:qY9OF2dbqG8Ua/iQXnyaYB56G32FMjX1bZmJ3KITQ3c=
github.com/luisfurquim/etcdconfig v0.0.0-20230317185517-e9bac889c1ee/go.mod h1:I7K94kYP0DHoZr0ZQ3PX51TyI72b9y68FLU8W2MzK84=
github.com/luisfurquim/goose v0.0.0-20230612043435-ee4fb49198b6 h1:OCTWcXEZ/M9ucrySiNjFbvj3ldb/ZSJMcdHKgmgVn2Y=
github.com/luisfurquim/goose v0.0.0-20230612043435-ee4fb49198b6/go.mod h1:7ImG4cPD2O9s8tvUpm/M+079kHPcI9uL6F3w/rzqevY=
github.com/luisfurquim/stonelizard/certkit v0.0.0-20240426184324-6efac48fc8fb h1:QF8Ms7hFu/oPnN+Y1KJQfwP/QBlN9uFpIfBPMjcE7eg=
github.com/luisfurquim/stonelizard/certkit v0.0.0-20240426184324-6efac48fc8fb/go.mod h1:Oom6sjCfbOfMl27dpJm9N/uZu9ZHBv1rAHEHgzt6Rq8=
github.com/luisfurquim/strtree v0.0.0-20231021183106-0608a93df003 h1:iMMxtYQtEcLqcaFdVc3XH+HPJp9AoV3zaFjgj6av+DA=
github.com/luisfurquim/strtree v0.0.0-20231021183106-0608a93df003/go.mod h1:UbnN9zjcQHbInXkTluG0844FbK4FVYrYtncLosMShuQ=
github.com/modern-go/concurrent v0.0.0-20180228061459-e0a39a4cb421/go.mod h1:6dJC0mAP4ikYIbvyc7fijjWJddQyLn8Ig3JB5CqoB9Q=
github.com/modern-go/concurrent v0.0.0-20180306012644-bacd9c7ef1dd h1:TRLaZ9cD/w8PVh93nsPXa1VrQ6jlwL5oN8l14QlcNfg=
github.com/modern-go/concurrent v0.0.0-20180306012644-bacd9c7ef1dd/go.mod h1:6dJC0mAP4ikYIbvyc7fijjWJddQyLn8Ig3JB5CqoB9Q=
github.com/modern-go/reflect2 v0.0.0-20180701023420-4b7aa43c6742/go.mod h1:bx2lNnkwVCuqBIxFjflWJWanXIb3RllmbCylyMrvgv0=
github.com/modern-go/reflect2 v1.0.1 h1:9f412s+6RmYXLWZSEzVVgPGK7C2PphHj5RJrvfx9AWI=
github.com/modern-go/reflect2 v1.0.1/go.mod h1:bx2lNnkwVCuqBIxFjflWJWanXIb3RllmbCylyMrvgv0=
github.com/pmezard/go-difflib v1.0.0 h1:4DBwDE0NGyQoBHbLQYPwSUPoCMWR5BEzIk/f1lZbAQM=
github.com/pmezard/go-difflib v1.0.0/go.mod h1:iKH77koFhYxTK1pcRnkKkqfTogsbg7gZNVY4sRDYZ/4=
github.com/stretchr/objx v0.1.0/go.mod h1:HFkY916IF+rwdDfMAkV7OtwuqBVzrE8GR6GFx+wExME=
github.com/stretchr/testify v1.3.0/go.mod h1:M5WIy9Dh21IEIfnGCwXGc5bZfKNJtfHm1UVUgZn+9EI=
github.com/stretchr/testify v1.7.0 h1:nwc3DEeHmmLAfoZucVR881uASk0Mfjw8xYJ99tb5CcY=
github.com/stretchr/testify v1.7.0/go.mod h1:6Fq8oRcR53rry900zMqJjRRixrwX3KX962/h/Wwjteg=
go.etcd.io/etcd/api/v3 v3.5.7 h1:sbcmosSVesNrWOJ58ZQFitHMdncusIifYcrBfwrlJSY=
go.etcd.io/etcd/api/v3 v3.5.7/go.mod h1:9qew1gCdDDLu+VwmeG+iFpL+QlpHTo7iubavdVDgCAA=
go.etcd.io/etcd/client/pkg/v3 v3.5.7 h1:y3kf5Gbp4e4q7egZdn5T7W9TSHUvkClN6u+Rq9mEOmg=
go.etcd.io/etcd/client/pkg/v3 v3.5.7/go.mod h1:o0Abi1MK86iad3YrWhgUsbGx1pmTS+hrORWc2CamuhY=
go.etcd.io/etcd/client/v2 v2.305.7 h1:AELPkjNR3/igjbO7CjyF1fPuVPjrblliiKj+Y6xSGOU=
go.etcd.io/etcd/client/v2 v2.305.7/go.mod h1:GQGT5Z3TBuAQGvgPfhR7VPySu/SudxmEkRq9BgzFU6s=
golang.org/x/net v0.38.0 h1:vRMAPTMaeGqVhG5QyLJHqNDwecKTomGeqbnfZyKlBI8=
golang.org/x/net v0.38.0/go.mod h1:ivrbrMbzFq5J41QOQh0siUuly180yBYtLp+CKbEaFx8=
golang.org/x/oauth2 v0.27.0 h1:da9Vo7/tDv5RH/7nZDz1eMGS/q1Vv1N/7FCrBhI9I3M=
golang.org/x/oauth2 v0.27.0/go.mod h1:onh5ek6nERTohokkhCD/y2cV4Do3fxFHFuAejCkRWT8=
gopkg.in/yaml.v2 v2.4.0 h1:D8xgwECY7CYvx+Y2n4sBz93Jn9JRvxdiyyo8CTfuKaY=
gopkg.in/yaml.v2 v2.4.0/go.mod h1:RDklbk79AGWmwhnvt/jBztapEOGDOx6ZbXqjP6csGnQ=
gopkg.in/yaml.v3 v3.0.0-20210107192922-496545a6307b h1:h8qDotaEPuJATrMmW04NCwg7v22aHH28wwpauUhK9Oo=
gopkg.in/yaml.v3 v3.0.0-20210107192922-496545a6307b/go.mod h1:K4uyk7z7BCEPqu6E+C64Yfv1cQ7kz7rIZviUmN+EgEM=
